
Microsoft Visual Studio Solution File, Format Version 12.00
# Visual Studio Version 16
VisualStudioVersion = 16.0.29709.97
MinimumVisualStudioVersion = 10.0.40219.1
Project("{FAE04EC0-301F-11D3-BF4B-00C04F79EFBC}") = "PracticaExamen", "PracticaExamen.csproj", "{AB3E345C-BDE3-4F8E-98F2-22269121B1B9}"
EndProject
Global
	GlobalSection(SolutionConfigurationPlatforms) = preSolution
		Debug|Any CPU = Debug|Any CPU
		Release|Any CPU = Release|Any CPU
	EndGlobalSection
	GlobalSection(ProjectConfigurationPlatforms) = postSolution
		{AB3E345C-BDE3-4F8E-98F2-22269121B1B9}.Debug|Any CPU.ActiveCfg = Debug|Any CPU
		{AB3E345C-BDE3-4F8E-98F2-22269121B1B9}.Debug|Any CPU.Build.0 = Debug|Any CPU
		{AB3E345C-BDE3-4F8E-98F2-22269121B1B9}.Release|Any CPU.ActiveCfg = Release|Any CPU
		{AB3E345C-BDE3-4F8E-98F2-22269121B1B9}.Release|Any CPU.Build.0 = Release|Any CPU
	EndGlobalSection
	GlobalSection(SolutionProperties) = preSolution
		HideSolutionNode = FALSE
	EndGlobalSection
	GlobalSection(ExtensibilityGlobals) = postSolution
		SolutionGuid = {ACC0B833-22DD-42C7-8E91-E224764A00C7}
	EndGlobalSection
EndGlobal
