
Microsoft Visual Studio Solution File, Format Version 12.00
# Visual Studio Version 16
VisualStudioVersion = 16.0.29728.190
MinimumVisualStudioVersion = 10.0.40219.1
Project("{FAE04EC0-301F-11D3-BF4B-00C04F79EFBC}") = "PrestamoRepaso", "PrestamoRepaso.csproj", "{FC6508D6-05C8-4E27-A179-53DB2D8DF9C0}"
EndProject
Global
	GlobalSection(SolutionConfigurationPlatforms) = preSolution
		Debug|Any CPU = Debug|Any CPU
		Release|Any CPU = Release|Any CPU
	EndGlobalSection
	GlobalSection(ProjectConfigurationPlatforms) = postSolution
		{FC6508D6-05C8-4E27-A179-53DB2D8DF9C0}.Debug|Any CPU.ActiveCfg = Debug|Any CPU
		{FC6508D6-05C8-4E27-A179-53DB2D8DF9C0}.Debug|Any CPU.Build.0 = Debug|Any CPU
		{FC6508D6-05C8-4E27-A179-53DB2D8DF9C0}.Release|Any CPU.ActiveCfg = Release|Any CPU
		{FC6508D6-05C8-4E27-A179-53DB2D8DF9C0}.Release|Any CPU.Build.0 = Release|Any CPU
	EndGlobalSection
	GlobalSection(SolutionProperties) = preSolution
		HideSolutionNode = FALSE
	EndGlobalSection
	GlobalSection(ExtensibilityGlobals) = postSolution
		SolutionGuid = {693F1078-9778-49CF-96BD-7C6368B7A26F}
	EndGlobalSection
EndGlobal
